
Microsoft Visual Studio Solution File, Format Version 12.00
# Visual Studio Version 17
VisualStudioVersion = 17.1.32210.238
MinimumVisualStudioVersion = 10.0.40219.1
Project("{FAE04EC0-301F-11D3-BF4B-00C04F79EFBC}") = "Calculadora", "Calculadora\Calculadora.csproj", "{8EB75400-F79F-42E5-B27E-C6F36D3EB905}"
EndProject
Global
	GlobalSection(SolutionConfigurationPlatforms) = preSolution
		Debug|Any CPU = Debug|Any CPU
		Release|Any CPU = Release|Any CPU
	EndGlobalSection
	GlobalSection(ProjectConfigurationPlatforms) = postSolution
		{8EB75400-F79F-42E5-B27E-C6F36D3EB905}.Debug|Any CPU.ActiveCfg = Debug|Any CPU
		{8EB75400-F79F-42E5-B27E-C6F36D3EB905}.Debug|Any CPU.Build.0 = Debug|Any CPU
		{8EB75400-F79F-42E5-B27E-C6F36D3EB905}.Release|Any CPU.ActiveCfg = Release|Any CPU
		{8EB75400-F79F-42E5-B27E-C6F36D3EB905}.Release|Any CPU.Build.0 = Release|Any CPU
	EndGlobalSection
	GlobalSection(SolutionProperties) = preSolution
		HideSolutionNode = FALSE
	EndGlobalSection
	GlobalSection(ExtensibilityGlobals) = postSolution
		SolutionGuid = {7AC40408-AA53-4DF7-8548-D3FD6E40D0B7}
	EndGlobalSection
EndGlobal
